# This file was autogenerated by Stack.
# You should not edit this file by hand.
# For more information, please see the documentation at:
#   https://docs.haskellstack.org/en/stable/lock_files

packages: []
snapshots:
- completed:
    size: 621061
    url: https://raw.githubusercontent.com/commercialhaskell/stackage-snapshots/master/nightly/2022/1/14.yaml
    sha256: ccdaaea68d7dbda3683e1590feea13c27187cd8fb4bd23a580de7f94666802be
  original: nightly-2022-01-14
