# This file was autogenerated by Stack.
# You should not edit this file by hand.
# For more information, please see the documentation at:
#   https://docs.haskellstack.org/en/stable/lock_files

packages: []
snapshots:
- completed:
    size: 562053
    url: https://raw.githubusercontent.com/commercialhaskell/stackage-snapshots/master/nightly/2021/1/14.yaml
    sha256: 816aa5c6f9c726b3f7f210a44aed0eb12a2e2cb9fa07c53f1801617c22764745
  original: nightly-2021-01-14
